# contracts.lock - generated by the human contract sync, never by an agent.
# Verified byte-for-byte by verify.sh. Drift fails the deterministic check.
version=1.0.0
8a9a7c71007b852bf168ada5c8615c7476834b1c0d63b54a8b5cfbf2741182b8  agent.ts
eb51b4cf4bc5f00da3e30b5c64c830f0e257fb51668b32496009743460d84e87  approval.ts
2fa389f0b42e4a9aab6d14c76eef15849f9099db27489e401f312cf13cdcd1fc  common.ts
a721bc556d0d0406d1414431c5210ac16c9754e4507cac9ae684323237ab98a1  conversation.ts
c91ac653a358974f72c5afa2fe5d72d96d8196314cccb6ee6bf91b1770aa77e4  events.ts
c530916dccd10c991be93e9a67c195dbf6816b7c7256a80a0bdf6e1ee8ed2c6e  index.ts
3a0595df6984bb2a2166a345f00f40bc29b43dbed3c8a2c9a4ae0731533e839b  task.ts
